
Microsoft Visual Studio Solution File, Format Version 12.00
# Visual Studio Version 17
VisualStudioVersion = 17.12.35514.174 d17.12
MinimumVisualStudioVersion = 10.0.40219.1
Project("{FAE04EC0-301F-11D3-BF4B-00C04F79EFBC}") = "UniqloMVC", "UniqloBL\UniqloMVC.csproj", "{44D570B9-F920-40DF-9BE4-A62A317BBE15}"
EndProject
Project("{FAE04EC0-301F-11D3-BF4B-00C04F79EFBC}") = "UniqloDAL", "UniqloDAL\UniqloDAL.csproj", "{BF8B2C49-03EF-4D36-ABEE-3AED3F83C788}"
EndProject
Project("{FAE04EC0-301F-11D3-BF4B-00C04F79EFBC}") = "UniqloBT", "UniqloBT\UniqloBT.csproj", "{F87856AB-E007-47C1-9FB1-7EB107B832E0}"
EndProject
Global
	GlobalSection(SolutionConfigurationPlatforms) = preSolution
		Debug|Any CPU = Debug|Any CPU
		Release|Any CPU = Release|Any CPU
	EndGlobalSection
	GlobalSection(ProjectConfigurationPlatforms) = postSolution
		{44D570B9-F920-40DF-9BE4-A62A317BBE15}.Debug|Any CPU.ActiveCfg = Debug|Any CPU
		{44D570B9-F920-40DF-9BE4-A62A317BBE15}.Debug|Any CPU.Build.0 = Debug|Any CPU
		{44D570B9-F920-40DF-9BE4-A62A317BBE15}.Release|Any CPU.ActiveCfg = Release|Any CPU
		{44D570B9-F920-40DF-9BE4-A62A317BBE15}.Release|Any CPU.Build.0 = Release|Any CPU
		{BF8B2C49-03EF-4D36-ABEE-3AED3F83C788}.Debug|Any CPU.ActiveCfg = Debug|Any CPU
		{BF8B2C49-03EF-4D36-ABEE-3AED3F83C788}.Debug|Any CPU.Build.0 = Debug|Any CPU
		{BF8B2C49-03EF-4D36-ABEE-3AED3F83C788}.Release|Any CPU.ActiveCfg = Release|Any CPU
		{BF8B2C49-03EF-4D36-ABEE-3AED3F83C788}.Release|Any CPU.Build.0 = Release|Any CPU
		{F87856AB-E007-47C1-9FB1-7EB107B832E0}.Debug|Any CPU.ActiveCfg = Debug|Any CPU
		{F87856AB-E007-47C1-9FB1-7EB107B832E0}.Debug|Any CPU.Build.0 = Debug|Any CPU
		{F87856AB-E007-47C1-9FB1-7EB107B832E0}.Release|Any CPU.ActiveCfg = Release|Any CPU
		{F87856AB-E007-47C1-9FB1-7EB107B832E0}.Release|Any CPU.Build.0 = Release|Any CPU
	EndGlobalSection
	GlobalSection(SolutionProperties) = preSolution
		HideSolutionNode = FALSE
	EndGlobalSection
EndGlobal
