
Microsoft Visual Studio Solution File, Format Version 12.00
# Visual Studio Version 17
VisualStudioVersion = 17.11.35312.102
MinimumVisualStudioVersion = 10.0.40219.1
Project("{FAE04EC0-301F-11D3-BF4B-00C04F79EFBC}") = "CustomMethods", "CustomMethods\CustomMethods.csproj", "{8D0F3A33-D39F-4B86-B10E-8FD110FCE41D}"
EndProject
Global
	GlobalSection(SolutionConfigurationPlatforms) = preSolution
		Debug|Any CPU = Debug|Any CPU
		Release|Any CPU = Release|Any CPU
	EndGlobalSection
	GlobalSection(ProjectConfigurationPlatforms) = postSolution
		{8D0F3A33-D39F-4B86-B10E-8FD110FCE41D}.Debug|Any CPU.ActiveCfg = Debug|Any CPU
		{8D0F3A33-D39F-4B86-B10E-8FD110FCE41D}.Debug|Any CPU.Build.0 = Debug|Any CPU
		{8D0F3A33-D39F-4B86-B10E-8FD110FCE41D}.Release|Any CPU.ActiveCfg = Release|Any CPU
		{8D0F3A33-D39F-4B86-B10E-8FD110FCE41D}.Release|Any CPU.Build.0 = Release|Any CPU
	EndGlobalSection
	GlobalSection(SolutionProperties) = preSolution
		HideSolutionNode = FALSE
	EndGlobalSection
	GlobalSection(ExtensibilityGlobals) = postSolution
		SolutionGuid = {817C93DD-7445-4D11-936A-8E27B1AA4B50}
	EndGlobalSection
EndGlobal
