
Microsoft Visual Studio Solution File, Format Version 12.00
# Visual Studio Version 17
VisualStudioVersion = 17.11.35312.102
MinimumVisualStudioVersion = 10.0.40219.1
Project("{FAE04EC0-301F-11D3-BF4B-00C04F79EFBC}") = "AsyncProgrammingTask", "AsyncProgrammingTask\AsyncProgrammingTask.csproj", "{603D6175-13BD-41AC-976D-677B55907998}"
EndProject
Global
	GlobalSection(SolutionConfigurationPlatforms) = preSolution
		Debug|Any CPU = Debug|Any CPU
		Release|Any CPU = Release|Any CPU
	EndGlobalSection
	GlobalSection(ProjectConfigurationPlatforms) = postSolution
		{603D6175-13BD-41AC-976D-677B55907998}.Debug|Any CPU.ActiveCfg = Debug|Any CPU
		{603D6175-13BD-41AC-976D-677B55907998}.Debug|Any CPU.Build.0 = Debug|Any CPU
		{603D6175-13BD-41AC-976D-677B55907998}.Release|Any CPU.ActiveCfg = Release|Any CPU
		{603D6175-13BD-41AC-976D-677B55907998}.Release|Any CPU.Build.0 = Release|Any CPU
	EndGlobalSection
	GlobalSection(SolutionProperties) = preSolution
		HideSolutionNode = FALSE
	EndGlobalSection
	GlobalSection(ExtensibilityGlobals) = postSolution
		SolutionGuid = {52DE4D29-55E0-40FD-AFD4-165F51CDEAAB}
	EndGlobalSection
EndGlobal
