
Microsoft Visual Studio Solution File, Format Version 12.00
# Visual Studio Version 17
VisualStudioVersion = 17.11.35312.102
MinimumVisualStudioVersion = 10.0.40219.1
Project("{FAE04EC0-301F-11D3-BF4B-00C04F79EFBC}") = "Reflection", "Reflection\Reflection.csproj", "{C54B16F3-9432-4518-98B8-2035A21A69B2}"
EndProject
Global
	GlobalSection(SolutionConfigurationPlatforms) = preSolution
		Debug|Any CPU = Debug|Any CPU
		Release|Any CPU = Release|Any CPU
	EndGlobalSection
	GlobalSection(ProjectConfigurationPlatforms) = postSolution
		{C54B16F3-9432-4518-98B8-2035A21A69B2}.Debug|Any CPU.ActiveCfg = Debug|Any CPU
		{C54B16F3-9432-4518-98B8-2035A21A69B2}.Debug|Any CPU.Build.0 = Debug|Any CPU
		{C54B16F3-9432-4518-98B8-2035A21A69B2}.Release|Any CPU.ActiveCfg = Release|Any CPU
		{C54B16F3-9432-4518-98B8-2035A21A69B2}.Release|Any CPU.Build.0 = Release|Any CPU
	EndGlobalSection
	GlobalSection(SolutionProperties) = preSolution
		HideSolutionNode = FALSE
	EndGlobalSection
	GlobalSection(ExtensibilityGlobals) = postSolution
		SolutionGuid = {86756B14-B89D-478C-8E6E-4B3D9DB9DC97}
	EndGlobalSection
EndGlobal
